
Microsoft Visual Studio Solution File, Format Version 12.00
# Visual Studio Version 16
VisualStudioVersion = 16.0.808.3
MinimumVisualStudioVersion = 10.0.40219.1
Project("{FAE04EC0-301F-11D3-BF4B-00C04F79EFBC}") = "Final_TechRecruit.Android", "Final_TechRecruit.Android\Final_TechRecruit.Android.csproj", "{635DAE56-8F1C-48CE-AFAA-E6434545505A}"
EndProject
Project("{FAE04EC0-301F-11D3-BF4B-00C04F79EFBC}") = "Final_TechRecruit.iOS", "Final_TechRecruit.iOS\Final_TechRecruit.iOS.csproj", "{6399101A-D408-4072-BFB2-13B0B73C8532}"
EndProject
Project("{FAE04EC0-301F-11D3-BF4B-00C04F79EFBC}") = "Final_TechRecruit", "Final_TechRecruit\Final_TechRecruit.csproj", "{A508D301-C749-4986-8668-5653D0A85A42}"
EndProject
Global
	GlobalSection(SolutionConfigurationPlatforms) = preSolution
		Debug|Any CPU = Debug|Any CPU
		Release|Any CPU = Release|Any CPU
		Debug|iPhoneSimulator = Debug|iPhoneSimulator
		Release|iPhoneSimulator = Release|iPhoneSimulator
		Debug|iPhone = Debug|iPhone
		Release|iPhone = Release|iPhone
	EndGlobalSection
	GlobalSection(ProjectConfigurationPlatforms) = postSolution
		{635DAE56-8F1C-48CE-AFAA-E6434545505A}.Debug|Any CPU.ActiveCfg = Debug|Any CPU
		{635DAE56-8F1C-48CE-AFAA-E6434545505A}.Debug|Any CPU.Build.0 = Debug|Any CPU
		{635DAE56-8F1C-48CE-AFAA-E6434545505A}.Release|Any CPU.ActiveCfg = Release|Any CPU
		{635DAE56-8F1C-48CE-AFAA-E6434545505A}.Release|Any CPU.Build.0 = Release|Any CPU
		{635DAE56-8F1C-48CE-AFAA-E6434545505A}.Debug|iPhoneSimulator.ActiveCfg = Debug|Any CPU
		{635DAE56-8F1C-48CE-AFAA-E6434545505A}.Debug|iPhoneSimulator.Build.0 = Debug|Any CPU
		{635DAE56-8F1C-48CE-AFAA-E6434545505A}.Release|iPhoneSimulator.ActiveCfg = Release|Any CPU
		{635DAE56-8F1C-48CE-AFAA-E6434545505A}.Release|iPhoneSimulator.Build.0 = Release|Any CPU
		{635DAE56-8F1C-48CE-AFAA-E6434545505A}.Debug|iPhone.ActiveCfg = Debug|Any CPU
		{635DAE56-8F1C-48CE-AFAA-E6434545505A}.Debug|iPhone.Build.0 = Debug|Any CPU
		{635DAE56-8F1C-48CE-AFAA-E6434545505A}.Release|iPhone.ActiveCfg = Release|Any CPU
		{635DAE56-8F1C-48CE-AFAA-E6434545505A}.Release|iPhone.Build.0 = Release|Any CPU
		{6399101A-D408-4072-BFB2-13B0B73C8532}.Debug|Any CPU.ActiveCfg = Debug|iPhoneSimulator
		{6399101A-D408-4072-BFB2-13B0B73C8532}.Debug|Any CPU.Build.0 = Debug|iPhoneSimulator
		{6399101A-D408-4072-BFB2-13B0B73C8532}.Release|Any CPU.ActiveCfg = Release|iPhoneSimulator
		{6399101A-D408-4072-BFB2-13B0B73C8532}.Release|Any CPU.Build.0 = Release|iPhoneSimulator
		{6399101A-D408-4072-BFB2-13B0B73C8532}.Debug|iPhoneSimulator.ActiveCfg = Debug|iPhoneSimulator
		{6399101A-D408-4072-BFB2-13B0B73C8532}.Debug|iPhoneSimulator.Build.0 = Debug|iPhoneSimulator
		{6399101A-D408-4072-BFB2-13B0B73C8532}.Release|iPhoneSimulator.ActiveCfg = Release|iPhoneSimulator
		{6399101A-D408-4072-BFB2-13B0B73C8532}.Release|iPhoneSimulator.Build.0 = Release|iPhoneSimulator
		{6399101A-D408-4072-BFB2-13B0B73C8532}.Debug|iPhone.ActiveCfg = Debug|iPhone
		{6399101A-D408-4072-BFB2-13B0B73C8532}.Debug|iPhone.Build.0 = Debug|iPhone
		{6399101A-D408-4072-BFB2-13B0B73C8532}.Release|iPhone.ActiveCfg = Release|iPhone
		{6399101A-D408-4072-BFB2-13B0B73C8532}.Release|iPhone.Build.0 = Release|iPhone
		{A508D301-C749-4986-8668-5653D0A85A42}.Debug|Any CPU.ActiveCfg = Debug|Any CPU
		{A508D301-C749-4986-8668-5653D0A85A42}.Debug|Any CPU.Build.0 = Debug|Any CPU
		{A508D301-C749-4986-8668-5653D0A85A42}.Release|Any CPU.ActiveCfg = Release|Any CPU
		{A508D301-C749-4986-8668-5653D0A85A42}.Release|Any CPU.Build.0 = Release|Any CPU
		{A508D301-C749-4986-8668-5653D0A85A42}.Debug|iPhoneSimulator.ActiveCfg = Debug|Any CPU
		{A508D301-C749-4986-8668-5653D0A85A42}.Debug|iPhoneSimulator.Build.0 = Debug|Any CPU
		{A508D301-C749-4986-8668-5653D0A85A42}.Release|iPhoneSimulator.ActiveCfg = Release|Any CPU
		{A508D301-C749-4986-8668-5653D0A85A42}.Release|iPhoneSimulator.Build.0 = Release|Any CPU
		{A508D301-C749-4986-8668-5653D0A85A42}.Debug|iPhone.ActiveCfg = Debug|Any CPU
		{A508D301-C749-4986-8668-5653D0A85A42}.Debug|iPhone.Build.0 = Debug|Any CPU
		{A508D301-C749-4986-8668-5653D0A85A42}.Release|iPhone.ActiveCfg = Release|Any CPU
		{A508D301-C749-4986-8668-5653D0A85A42}.Release|iPhone.Build.0 = Release|Any CPU
	EndGlobalSection
	GlobalSection(SolutionProperties) = preSolution
		HideSolutionNode = FALSE
	EndGlobalSection
	GlobalSection(ExtensibilityGlobals) = postSolution
		SolutionGuid = {3697D447-FCCF-419C-B25A-7C3EA66BEBE8}
	EndGlobalSection
EndGlobal
